
Microsoft Visual Studio Solution File, Format Version 12.00
# Visual Studio Version 17
VisualStudioVersion = 17.5.33516.290
MinimumVisualStudioVersion = 10.0.40219.1
Project("{FAE04EC0-301F-11D3-BF4B-00C04F79EFBC}") = "ElasticSearchExample", "ElasticSearchExample\ElasticSearchExample.csproj", "{BD09181D-519C-45DD-909F-0C417A1813BF}"
EndProject
Global
	GlobalSection(SolutionConfigurationPlatforms) = preSolution
		Debug|Any CPU = Debug|Any CPU
		Release|Any CPU = Release|Any CPU
	EndGlobalSection
	GlobalSection(ProjectConfigurationPlatforms) = postSolution
		{BD09181D-519C-45DD-909F-0C417A1813BF}.Debug|Any CPU.ActiveCfg = Debug|Any CPU
		{BD09181D-519C-45DD-909F-0C417A1813BF}.Debug|Any CPU.Build.0 = Debug|Any CPU
		{BD09181D-519C-45DD-909F-0C417A1813BF}.Release|Any CPU.ActiveCfg = Release|Any CPU
		{BD09181D-519C-45DD-909F-0C417A1813BF}.Release|Any CPU.Build.0 = Release|Any CPU
	EndGlobalSection
	GlobalSection(SolutionProperties) = preSolution
		HideSolutionNode = FALSE
	EndGlobalSection
	GlobalSection(ExtensibilityGlobals) = postSolution
		SolutionGuid = {52C8F00E-A038-4493-A3EB-6C68315597ED}
	EndGlobalSection
EndGlobal
